
Microsoft Visual Studio Solution File, Format Version 12.00
# Visual Studio Version 16
VisualStudioVersion = 25.0.1704.0
MinimumVisualStudioVersion = 10.0.40219.1
Project("{FAE04EC0-301F-11D3-BF4B-00C04F79EFBC}") = "WinProject", "WinProject\WinProject.csproj", "{79E0ACAC-92E4-48DF-B385-E02A96ECB154}"
EndProject
Global
	GlobalSection(SolutionConfigurationPlatforms) = preSolution
		Debug|Any CPU = Debug|Any CPU
		Release|Any CPU = Release|Any CPU
	EndGlobalSection
	GlobalSection(ProjectConfigurationPlatforms) = postSolution
		{79E0ACAC-92E4-48DF-B385-E02A96ECB154}.Debug|Any CPU.ActiveCfg = Debug|Any CPU
		{79E0ACAC-92E4-48DF-B385-E02A96ECB154}.Debug|Any CPU.Build.0 = Debug|Any CPU
		{79E0ACAC-92E4-48DF-B385-E02A96ECB154}.Release|Any CPU.ActiveCfg = Release|Any CPU
		{79E0ACAC-92E4-48DF-B385-E02A96ECB154}.Release|Any CPU.Build.0 = Release|Any CPU
	EndGlobalSection
	GlobalSection(SolutionProperties) = preSolution
		HideSolutionNode = FALSE
	EndGlobalSection
	GlobalSection(ExtensibilityGlobals) = postSolution
		SolutionGuid = {F1D7F8B6-2D74-48FA-B068-78B6AC31672E}
	EndGlobalSection
EndGlobal
